<<<<<<< HEAD
﻿<Solution>
<<<<<<< HEAD
=======
  <Project Path="Assembly-CSharp-Editor.csproj" />
>>>>>>> 16411fb8dc4dc67bd74288dd17f1770496cad64c
  <Project Path="Assembly-CSharp.csproj" />
</Solution>
=======
﻿<Solution>
  <Project Path="Assembly-CSharp-Editor.csproj" />
  <Project Path="Assembly-CSharp.csproj" />
</Solution>
>>>>>>> origin/scene_level
